{
  "name": "todo_nest",
  "lockfileVersion": 3,
  "requires": true,
  "packages": {
    "": {
      "dependencies": {
        "@nestjs/mapped-types": "*",
        "@types/express": "^4.17.17",
        "class-transformer": "^0.5.1",
        "class-validator": "^0.14.0",
        "helmet": "^7.0.0"
      }
    },
    "node_modules/@lukeed/csprng": {
      "version": "1.1.0",
      "resolved": "https://registry.npmjs.org/@lukeed/csprng/-/csprng-1.1.0.tgz",
      "integrity": "sha512-Z7C/xXCiGWsg0KuKsHTKJxbWhpI3Vs5GwLfOean7MGyVFGqdRgBbAjOCh6u4bbjPc/8MJ2pZmK/0DLdCbivLDA==",
      "peer": true,
      "engines": {
        "node": ">=8"
      }
    },
    "node_modules/@nestjs/common": {
      "version": "10.2.4",
      "resolved": "https://registry.npmjs.org/@nestjs/common/-/common-10.2.4.tgz",
      "integrity": "sha512-3Lg4PUaSDucf14V8rPCH212NqrK09AJbY0NKqFsb4j5OIE+TuOzVZR/yjaJ8JNxH2hjskJNCZie0D/9tA2lzlA==",
      "peer": true,
      "dependencies": {
        "iterare": "1.2.1",
        "tslib": "2.6.2",
        "uid": "2.0.2"
      },
      "funding": {
        "type": "opencollective",
        "url": "https://opencollective.com/nest"
      },
      "peerDependencies": {
        "class-transformer": "*",
        "class-validator": "*",
        "reflect-metadata": "^0.1.12",
        "rxjs": "^7.1.0"
      },
      "peerDependenciesMeta": {
        "class-transformer": {
          "optional": true
        },
        "class-validator": {
          "optional": true
        }
      }
    },
    "node_modules/@nestjs/mapped-types": {
      "version": "2.0.2",
      "resolved": "https://registry.npmjs.org/@nestjs/mapped-types/-/mapped-types-2.0.2.tgz",
      "integrity": "sha512-V0izw6tWs6fTp9+KiiPUbGHWALy563Frn8X6Bm87ANLRuE46iuBMD5acKBDP5lKL/75QFvrzSJT7HkCbB0jTpg==",
      "peerDependencies": {
        "@nestjs/common": "^8.0.0 || ^9.0.0 || ^10.0.0",
        "class-transformer": "^0.4.0 || ^0.5.0",
        "class-validator": "^0.13.0 || ^0.14.0",
        "reflect-metadata": "^0.1.12"
      },
      "peerDependenciesMeta": {
        "class-transformer": {
          "optional": true
        },
        "class-validator": {
          "optional": true
        }
      }
    },
    "node_modules/@types/body-parser": {
      "version": "1.19.2",
      "resolved": "https://registry.npmjs.org/@types/body-parser/-/body-parser-1.19.2.tgz",
      "integrity": "sha512-ALYone6pm6QmwZoAgeyNksccT9Q4AWZQ6PvfwR37GT6r6FWUPguq6sUmNGSMV2Wr761oQoBxwGGa6DR5o1DC9g==",
      "dependencies": {
        "@types/connect": "*",
        "@types/node": "*"
      }
    },
    "node_modules/@types/connect": {
      "version": "3.4.35",
      "resolved": "https://registry.npmjs.org/@types/connect/-/connect-3.4.35.tgz",
      "integrity": "sha512-cdeYyv4KWoEgpBISTxWvqYsVy444DOqehiF3fM3ne10AmJ62RSyNkUnxMJXHQWRQQX2eR94m5y1IZyDwBjV9FQ==",
      "dependencies": {
        "@types/node": "*"
      }
    },
    "node_modules/@types/express": {
      "version": "4.17.17",
      "resolved": "https://registry.npmjs.org/@types/express/-/express-4.17.17.tgz",
      "integrity": "sha512-Q4FmmuLGBG58btUnfS1c1r/NQdlp3DMfGDGig8WhfpA2YRUtEkxAjkZb0yvplJGYdF1fsQ81iMDcH24sSCNC/Q==",
      "dependencies": {
        "@types/body-parser": "*",
        "@types/express-serve-static-core": "^4.17.33",
        "@types/qs": "*",
        "@types/serve-static": "*"
      }
    },
    "node_modules/@types/express-serve-static-core": {
      "version": "4.17.36",
      "resolved": "https://registry.npmjs.org/@types/express-serve-static-core/-/express-serve-static-core-4.17.36.tgz",
      "integrity": "sha512-zbivROJ0ZqLAtMzgzIUC4oNqDG9iF0lSsAqpOD9kbs5xcIM3dTiyuHvBc7R8MtWBp3AAWGaovJa+wzWPjLYW7Q==",
      "dependencies": {
        "@types/node": "*",
        "@types/qs": "*",
        "@types/range-parser": "*",
        "@types/send": "*"
      }
    },
    "node_modules/@types/http-errors": {
      "version": "2.0.1",
      "resolved": "https://registry.npmjs.org/@types/http-errors/-/http-errors-2.0.1.tgz",
      "integrity": "sha512-/K3ds8TRAfBvi5vfjuz8y6+GiAYBZ0x4tXv1Av6CWBWn0IlADc+ZX9pMq7oU0fNQPnBwIZl3rmeLp6SBApbxSQ=="
    },
    "node_modules/@types/mime": {
      "version": "1.3.2",
      "resolved": "https://registry.npmjs.org/@types/mime/-/mime-1.3.2.tgz",
      "integrity": "sha512-YATxVxgRqNH6nHEIsvg6k2Boc1JHI9ZbH5iWFFv/MTkchz3b1ieGDa5T0a9RznNdI0KhVbdbWSN+KWWrQZRxTw=="
    },
    "node_modules/@types/node": {
      "version": "20.5.6",
      "resolved": "https://registry.npmjs.org/@types/node/-/node-20.5.6.tgz",
      "integrity": "sha512-Gi5wRGPbbyOTX+4Y2iULQ27oUPrefaB0PxGQJnfyWN3kvEDGM3mIB5M/gQLmitZf7A9FmLeaqxD3L1CXpm3VKQ=="
    },
    "node_modules/@types/qs": {
      "version": "6.9.7",
      "resolved": "https://registry.npmjs.org/@types/qs/-/qs-6.9.7.tgz",
      "integrity": "sha512-FGa1F62FT09qcrueBA6qYTrJPVDzah9a+493+o2PCXsesWHIn27G98TsSMs3WPNbZIEj4+VJf6saSFpvD+3Zsw=="
    },
    "node_modules/@types/range-parser": {
      "version": "1.2.4",
      "resolved": "https://registry.npmjs.org/@types/range-parser/-/range-parser-1.2.4.tgz",
      "integrity": "sha512-EEhsLsD6UsDM1yFhAvy0Cjr6VwmpMWqFBCb9w07wVugF7w9nfajxLuVmngTIpgS6svCnm6Vaw+MZhoDCKnOfsw=="
    },
    "node_modules/@types/send": {
      "version": "0.17.1",
      "resolved": "https://registry.npmjs.org/@types/send/-/send-0.17.1.tgz",
      "integrity": "sha512-Cwo8LE/0rnvX7kIIa3QHCkcuF21c05Ayb0ZfxPiv0W8VRiZiNW/WuRupHKpqqGVGf7SUA44QSOUKaEd9lIrd/Q==",
      "dependencies": {
        "@types/mime": "^1",
        "@types/node": "*"
      }
    },
    "node_modules/@types/serve-static": {
      "version": "1.15.2",
      "resolved": "https://registry.npmjs.org/@types/serve-static/-/serve-static-1.15.2.tgz",
      "integrity": "sha512-J2LqtvFYCzaj8pVYKw8klQXrLLk7TBZmQ4ShlcdkELFKGwGMfevMLneMMRkMgZxotOD9wg497LpC7O8PcvAmfw==",
      "dependencies": {
        "@types/http-errors": "*",
        "@types/mime": "*",
        "@types/node": "*"
      }
    },
    "node_modules/@types/validator": {
      "version": "13.11.1",
      "resolved": "https://registry.npmjs.org/@types/validator/-/validator-13.11.1.tgz",
      "integrity": "sha512-d/MUkJYdOeKycmm75Arql4M5+UuXmf4cHdHKsyw1GcvnNgL6s77UkgSgJ8TE/rI5PYsnwYq5jkcWBLuN/MpQ1A=="
    },
    "node_modules/class-transformer": {
      "version": "0.5.1",
      "resolved": "https://registry.npmjs.org/class-transformer/-/class-transformer-0.5.1.tgz",
      "integrity": "sha512-SQa1Ws6hUbfC98vKGxZH3KFY0Y1lm5Zm0SY8XX9zbK7FJCyVEac3ATW0RIpwzW+oOfmHE5PMPufDG9hCfoEOMw=="
    },
    "node_modules/class-validator": {
      "version": "0.14.0",
      "resolved": "https://registry.npmjs.org/class-validator/-/class-validator-0.14.0.tgz",
      "integrity": "sha512-ct3ltplN8I9fOwUd8GrP8UQixwff129BkEtuWDKL5W45cQuLd19xqmTLu5ge78YDm/fdje6FMt0hGOhl0lii3A==",
      "dependencies": {
        "@types/validator": "^13.7.10",
        "libphonenumber-js": "^1.10.14",
        "validator": "^13.7.0"
      }
    },
    "node_modules/helmet": {
      "version": "7.0.0",
      "resolved": "https://registry.npmjs.org/helmet/-/helmet-7.0.0.tgz",
      "integrity": "sha512-MsIgYmdBh460ZZ8cJC81q4XJknjG567wzEmv46WOBblDb6TUd3z8/GhgmsM9pn8g2B80tAJ4m5/d3Bi1KrSUBQ==",
      "engines": {
        "node": ">=16.0.0"
      }
    },
    "node_modules/iterare": {
      "version": "1.2.1",
      "resolved": "https://registry.npmjs.org/iterare/-/iterare-1.2.1.tgz",
      "integrity": "sha512-RKYVTCjAnRthyJes037NX/IiqeidgN1xc3j1RjFfECFp28A1GVwK9nA+i0rJPaHqSZwygLzRnFlzUuHFoWWy+Q==",
      "peer": true,
      "engines": {
        "node": ">=6"
      }
    },
    "node_modules/libphonenumber-js": {
      "version": "1.10.43",
      "resolved": "https://registry.npmjs.org/libphonenumber-js/-/libphonenumber-js-1.10.43.tgz",
      "integrity": "sha512-M/iPACJGsTvEy8QmUY4K0SoIFB71X2j7y2JvUMYzUXUxCNmiU+NTfHdz7gt+dC48BVfBzZi2oO6s9TDGllCfxA=="
    },
    "node_modules/reflect-metadata": {
      "version": "0.1.13",
      "resolved": "https://registry.npmjs.org/reflect-metadata/-/reflect-metadata-0.1.13.tgz",
      "integrity": "sha512-Ts1Y/anZELhSsjMcU605fU9RE4Oi3p5ORujwbIKXfWa+0Zxs510Qrmrce5/Jowq3cHSZSJqBjypxmHarc+vEWg==",
      "peer": true
    },
    "node_modules/rxjs": {
      "version": "7.8.1",
      "resolved": "https://registry.npmjs.org/rxjs/-/rxjs-7.8.1.tgz",
      "integrity": "sha512-AA3TVj+0A2iuIoQkWEK/tqFjBq2j+6PO6Y0zJcvzLAFhEFIO3HL0vls9hWLncZbAAbK0mar7oZ4V079I/qPMxg==",
      "peer": true,
      "dependencies": {
        "tslib": "^2.1.0"
      }
    },
    "node_modules/tslib": {
      "version": "2.6.2",
      "resolved": "https://registry.npmjs.org/tslib/-/tslib-2.6.2.tgz",
      "integrity": "sha512-AEYxH93jGFPn/a2iVAwW87VuUIkR1FVUKB77NwMF7nBTDkDrrT/Hpt/IrCJ0QXhW27jTBDcf5ZY7w6RiqTMw2Q==",
      "peer": true
    },
    "node_modules/uid": {
      "version": "2.0.2",
      "resolved": "https://registry.npmjs.org/uid/-/uid-2.0.2.tgz",
      "integrity": "sha512-u3xV3X7uzvi5b1MncmZo3i2Aw222Zk1keqLA1YkHldREkAhAqi65wuPfe7lHx8H/Wzy+8CE7S7uS3jekIM5s8g==",
      "peer": true,
      "dependencies": {
        "@lukeed/csprng": "^1.0.0"
      },
      "engines": {
        "node": ">=8"
      }
    },
    "node_modules/validator": {
      "version": "13.11.0",
      "resolved": "https://registry.npmjs.org/validator/-/validator-13.11.0.tgz",
      "integrity": "sha512-Ii+sehpSfZy+At5nPdnyMhx78fEoPDkR2XW/zimHEL3MyGJQOCQ7WeP20jPYRz7ZCpcKLB21NxuXHF3bxjStBQ==",
      "engines": {
        "node": ">= 0.10"
      }
    }
  }
}
